
Microsoft Visual Studio Solution File, Format Version 12.00
# Visual Studio Version 17
VisualStudioVersion = 17.10.35004.147
MinimumVisualStudioVersion = 10.0.40219.1
Project("{FAE04EC0-301F-11D3-BF4B-00C04F79EFBC}") = "TableNiceAdmin", "TableNiceAdmin\TableNiceAdmin.csproj", "{C0363865-52ED-4617-A4D0-AB63A7033411}"
EndProject
Global
	GlobalSection(SolutionConfigurationPlatforms) = preSolution
		Debug|Any CPU = Debug|Any CPU
		Release|Any CPU = Release|Any CPU
	EndGlobalSection
	GlobalSection(ProjectConfigurationPlatforms) = postSolution
		{C0363865-52ED-4617-A4D0-AB63A7033411}.Debug|Any CPU.ActiveCfg = Debug|Any CPU
		{C0363865-52ED-4617-A4D0-AB63A7033411}.Debug|Any CPU.Build.0 = Debug|Any CPU
		{C0363865-52ED-4617-A4D0-AB63A7033411}.Release|Any CPU.ActiveCfg = Release|Any CPU
		{C0363865-52ED-4617-A4D0-AB63A7033411}.Release|Any CPU.Build.0 = Release|Any CPU
	EndGlobalSection
	GlobalSection(SolutionProperties) = preSolution
		HideSolutionNode = FALSE
	EndGlobalSection
	GlobalSection(ExtensibilityGlobals) = postSolution
		SolutionGuid = {12661CB4-BC99-4232-8017-13F16987566D}
	EndGlobalSection
EndGlobal
